// !$*UTF8*$!
{
	archiveVersion = 1;
	classes = {
	};
	objectVersion = 56;
	objects = {

/* Begin PBXBuildFile section */
		3A1BF46E2C78F20B00997977 /* LocationSearchViewModel.swift in Sources */ = {isa = PBXBuildFile; fileRef = 3A1BF46D2C78F20B00997977 /* LocationSearchViewModel.swift */; };
		3A3B9D592C76D81400C9966E /* MapViewActionButton.swift in Sources */ = {isa = PBXBuildFile; fileRef = 3A3B9D582C76D81400C9966E /* MapViewActionButton.swift */; };
		3A4F98832C782FEB00CCAAAF /* LocationSearchView.swift in Sources */ = {isa = PBXBuildFile; fileRef = 3A4F98822C782FEB00CCAAAF /* LocationSearchView.swift */; };
		3A4F98852C7836FF00CCAAAF /* LocationSearchResultCell.swift in Sources */ = {isa = PBXBuildFile; fileRef = 3A4F98842C7836FF00CCAAAF /* LocationSearchResultCell.swift */; };
		3A7F13E52C3CCC9400538728 /* Uber_CloneApp.swift in Sources */ = {isa = PBXBuildFile; fileRef = 3A7F13E42C3CCC9400538728 /* Uber_CloneApp.swift */; };
		3A7F13E92C3CCC9500538728 /* Assets.xcassets in Resources */ = {isa = PBXBuildFile; fileRef = 3A7F13E82C3CCC9500538728 /* Assets.xcassets */; };
		3A7F13EC2C3CCC9500538728 /* Preview Assets.xcassets in Resources */ = {isa = PBXBuildFile; fileRef = 3A7F13EB2C3CCC9500538728 /* Preview Assets.xcassets */; };
		3A8E7CFB2C5D0DD300B2FFDA /* HomeView.swift in Sources */ = {isa = PBXBuildFile; fileRef = 3A8E7CFA2C5D0DD300B2FFDA /* HomeView.swift */; };
		3A8E7CFD2C5D0E4B00B2FFDA /* UberMapViewRepresentable.swift in Sources */ = {isa = PBXBuildFile; fileRef = 3A8E7CFC2C5D0E4B00B2FFDA /* UberMapViewRepresentable.swift */; };
		3A8E7CFF2C5D2E2800B2FFDA /* LocationManager.swift in Sources */ = {isa = PBXBuildFile; fileRef = 3A8E7CFE2C5D2E2800B2FFDA /* LocationManager.swift */; };
		3AA095812C76CE5700001D8F /* LocationSearchActivationView.swift in Sources */ = {isa = PBXBuildFile; fileRef = 3AA095802C76CE5700001D8F /* LocationSearchActivationView.swift */; };
/* End PBXBuildFile section */

/* Begin PBXFileReference section */
		3A1BF46D2C78F20B00997977 /* LocationSearchViewModel.swift */ = {isa = PBXFileReference; lastKnownFileType = sourcecode.swift; path = LocationSearchViewModel.swift; sourceTree = "<group>"; };
		3A3B9D582C76D81400C9966E /* MapViewActionButton.swift */ = {isa = PBXFileReference; lastKnownFileType = sourcecode.swift; path = MapViewActionButton.swift; sourceTree = "<group>"; };
		3A4F98822C782FEB00CCAAAF /* LocationSearchView.swift */ = {isa = PBXFileReference; lastKnownFileType = sourcecode.swift; path = LocationSearchView.swift; sourceTree = "<group>"; };
		3A4F98842C7836FF00CCAAAF /* LocationSearchResultCell.swift */ = {isa = PBXFileReference; lastKnownFileType = sourcecode.swift; path = LocationSearchResultCell.swift; sourceTree = "<group>"; };
		3A7F13E12C3CCC9400538728 /* Uber-Clone.app */ = {isa = PBXFileReference; explicitFileType = wrapper.application; includeInIndex = 0; path = "Uber-Clone.app"; sourceTree = BUILT_PRODUCTS_DIR; };
		3A7F13E42C3CCC9400538728 /* Uber_CloneApp.swift */ = {isa = PBXFileReference; lastKnownFileType = sourcecode.swift; path = Uber_CloneApp.swift; sourceTree = "<group>"; };
		3A7F13E82C3CCC9500538728 /* Assets.xcassets */ = {isa = PBXFileReference; lastKnownFileType = folder.assetcatalog; path = Assets.xcassets; sourceTree = "<group>"; };
		3A7F13EB2C3CCC9500538728 /* Preview Assets.xcassets */ = {isa = PBXFileReference; lastKnownFileType = folder.assetcatalog; path = "Preview Assets.xcassets"; sourceTree = "<group>"; };
		3A8E7CFA2C5D0DD300B2FFDA /* HomeView.swift */ = {isa = PBXFileReference; lastKnownFileType = sourcecode.swift; path = HomeView.swift; sourceTree = "<group>"; };
		3A8E7CFC2C5D0E4B00B2FFDA /* UberMapViewRepresentable.swift */ = {isa = PBXFileReference; lastKnownFileType = sourcecode.swift; path = UberMapViewRepresentable.swift; sourceTree = "<group>"; };
		3A8E7CFE2C5D2E2800B2FFDA /* LocationManager.swift */ = {isa = PBXFileReference; lastKnownFileType = sourcecode.swift; path = LocationManager.swift; sourceTree = "<group>"; };
		3AA095802C76CE5700001D8F /* LocationSearchActivationView.swift */ = {isa = PBXFileReference; lastKnownFileType = sourcecode.swift; path = LocationSearchActivationView.swift; sourceTree = "<group>"; };
/* End PBXFileReference section */

/* Begin PBXFrameworksBuildPhase section */
		3A7F13DE2C3CCC9400538728 /* Frameworks */ = {
			isa = PBXFrameworksBuildPhase;
			buildActionMask = 2147483647;
			files = (
			);
			runOnlyForDeploymentPostprocessing = 0;
		};
/* End PBXFrameworksBuildPhase section */

/* Begin PBXGroup section */
		3A7F13D82C3CCC9400538728 = {
			isa = PBXGroup;
			children = (
				3A7F13E32C3CCC9400538728 /* Uber-Clone */,
				3A7F13E22C3CCC9400538728 /* Products */,
			);
			sourceTree = "<group>";
		};
		3A7F13E22C3CCC9400538728 /* Products */ = {
			isa = PBXGroup;
			children = (
				3A7F13E12C3CCC9400538728 /* Uber-Clone.app */,
			);
			name = Products;
			sourceTree = "<group>";
		};
		3A7F13E32C3CCC9400538728 /* Uber-Clone */ = {
			isa = PBXGroup;
			children = (
				3A8E7CF62C5D0CD600B2FFDA /* App */,
				3A8E7CF52C5D0CD400B2FFDA /* Core */,
				3A8E7CF42C5D0CD200B2FFDA /* Extensions */,
				3A8E7CF22C5D0CCB00B2FFDA /* Managers */,
				3A8E7CF72C5D0D1300B2FFDA /* Models */,
				3A7F13E82C3CCC9500538728 /* Assets.xcassets */,
				3A7F13EA2C3CCC9500538728 /* Preview Content */,
			);
			path = "Uber-Clone";
			sourceTree = "<group>";
		};
		3A7F13EA2C3CCC9500538728 /* Preview Content */ = {
			isa = PBXGroup;
			children = (
				3A7F13EB2C3CCC9500538728 /* Preview Assets.xcassets */,
			);
			path = "Preview Content";
			sourceTree = "<group>";
		};
		3A8E7CF22C5D0CCB00B2FFDA /* Managers */ = {
			isa = PBXGroup;
			children = (
				3A8E7CFE2C5D2E2800B2FFDA /* LocationManager.swift */,
			);
			path = Managers;
			sourceTree = "<group>";
		};
		3A8E7CF42C5D0CD200B2FFDA /* Extensions */ = {
			isa = PBXGroup;
			children = (
			);
			path = Extensions;
			sourceTree = "<group>";
		};
		3A8E7CF52C5D0CD400B2FFDA /* Core */ = {
			isa = PBXGroup;
			children = (
				3AA0957D2C76CDEE00001D8F /* LocationSearch */,
				3AA0957C2C76CDD000001D8F /* Home */,
			);
			path = Core;
			sourceTree = "<group>";
		};
		3A8E7CF62C5D0CD600B2FFDA /* App */ = {
			isa = PBXGroup;
			children = (
				3A7F13E42C3CCC9400538728 /* Uber_CloneApp.swift */,
			);
			path = App;
			sourceTree = "<group>";
		};
		3A8E7CF72C5D0D1300B2FFDA /* Models */ = {
			isa = PBXGroup;
			children = (
			);
			path = Models;
			sourceTree = "<group>";
		};
		3A8E7CF82C5D0DBA00B2FFDA /* Views */ = {
			isa = PBXGroup;
			children = (
				3A8E7CFA2C5D0DD300B2FFDA /* HomeView.swift */,
				3A8E7CFC2C5D0E4B00B2FFDA /* UberMapViewRepresentable.swift */,
				3A3B9D582C76D81400C9966E /* MapViewActionButton.swift */,
			);
			path = Views;
			sourceTree = "<group>";
		};
		3A8E7CF92C5D0DBC00B2FFDA /* VievModels */ = {
			isa = PBXGroup;
			children = (
			);
			path = VievModels;
			sourceTree = "<group>";
		};
		3AA0957C2C76CDD000001D8F /* Home */ = {
			isa = PBXGroup;
			children = (
				3A8E7CF92C5D0DBC00B2FFDA /* VievModels */,
				3A8E7CF82C5D0DBA00B2FFDA /* Views */,
			);
			path = Home;
			sourceTree = "<group>";
		};
		3AA0957D2C76CDEE00001D8F /* LocationSearch */ = {
			isa = PBXGroup;
			children = (
				3AA0957F2C76CE3400001D8F /* ViewModel */,
				3AA0957E2C76CE3100001D8F /* Views */,
			);
			path = LocationSearch;
			sourceTree = "<group>";
		};
		3AA0957E2C76CE3100001D8F /* Views */ = {
			isa = PBXGroup;
			children = (
				3AA095802C76CE5700001D8F /* LocationSearchActivationView.swift */,
				3A4F98822C782FEB00CCAAAF /* LocationSearchView.swift */,
				3A4F98842C7836FF00CCAAAF /* LocationSearchResultCell.swift */,
			);
			path = Views;
			sourceTree = "<group>";
		};
		3AA0957F2C76CE3400001D8F /* ViewModel */ = {
			isa = PBXGroup;
			children = (
				3A1BF46D2C78F20B00997977 /* LocationSearchViewModel.swift */,
			);
			path = ViewModel;
			sourceTree = "<group>";
		};
/* End PBXGroup section */

/* Begin PBXNativeTarget section */
		3A7F13E02C3CCC9400538728 /* Uber-Clone */ = {
			isa = PBXNativeTarget;
			buildConfigurationList = 3A7F13EF2C3CCC9500538728 /* Build configuration list for PBXNativeTarget "Uber-Clone" */;
			buildPhases = (
				3A7F13DD2C3CCC9400538728 /* Sources */,
				3A7F13DE2C3CCC9400538728 /* Frameworks */,
				3A7F13DF2C3CCC9400538728 /* Resources */,
			);
			buildRules = (
			);
			dependencies = (
			);
			name = "Uber-Clone";
			productName = "Uber-Clone";
			productReference = 3A7F13E12C3CCC9400538728 /* Uber-Clone.app */;
			productType = "com.apple.product-type.application";
		};
/* End PBXNativeTarget section */

/* Begin PBXProject section */
		3A7F13D92C3CCC9400538728 /* Project object */ = {
			isa = PBXProject;
			attributes = {
				BuildIndependentTargetsInParallel = 1;
				LastSwiftUpdateCheck = 1540;
				LastUpgradeCheck = 1540;
				TargetAttributes = {
					3A7F13E02C3CCC9400538728 = {
						CreatedOnToolsVersion = 15.4;
					};
				};
			};
			buildConfigurationList = 3A7F13DC2C3CCC9400538728 /* Build configuration list for PBXProject "Uber-Clone" */;
			compatibilityVersion = "Xcode 14.0";
			developmentRegion = en;
			hasScannedForEncodings = 0;
			knownRegions = (
				en,
				Base,
			);
			mainGroup = 3A7F13D82C3CCC9400538728;
			productRefGroup = 3A7F13E22C3CCC9400538728 /* Products */;
			projectDirPath = "";
			projectRoot = "";
			targets = (
				3A7F13E02C3CCC9400538728 /* Uber-Clone */,
			);
		};
/* End PBXProject section */

/* Begin PBXResourcesBuildPhase section */
		3A7F13DF2C3CCC9400538728 /* Resources */ = {
			isa = PBXResourcesBuildPhase;
			buildActionMask = 2147483647;
			files = (
				3A7F13EC2C3CCC9500538728 /* Preview Assets.xcassets in Resources */,
				3A7F13E92C3CCC9500538728 /* Assets.xcassets in Resources */,
			);
			runOnlyForDeploymentPostprocessing = 0;
		};
/* End PBXResourcesBuildPhase section */

/* Begin PBXSourcesBuildPhase section */
		3A7F13DD2C3CCC9400538728 /* Sources */ = {
			isa = PBXSourcesBuildPhase;
			buildActionMask = 2147483647;
			files = (
				3A1BF46E2C78F20B00997977 /* LocationSearchViewModel.swift in Sources */,
				3A4F98832C782FEB00CCAAAF /* LocationSearchView.swift in Sources */,
				3A8E7CFF2C5D2E2800B2FFDA /* LocationManager.swift in Sources */,
				3A3B9D592C76D81400C9966E /* MapViewActionButton.swift in Sources */,
				3A7F13E52C3CCC9400538728 /* Uber_CloneApp.swift in Sources */,
				3A8E7CFD2C5D0E4B00B2FFDA /* UberMapViewRepresentable.swift in Sources */,
				3A8E7CFB2C5D0DD300B2FFDA /* HomeView.swift in Sources */,
				3AA095812C76CE5700001D8F /* LocationSearchActivationView.swift in Sources */,
				3A4F98852C7836FF00CCAAAF /* LocationSearchResultCell.swift in Sources */,
			);
			runOnlyForDeploymentPostprocessing = 0;
		};
/* End PBXSourcesBuildPhase section */

/* Begin XCBuildConfiguration section */
		3A7F13ED2C3CCC9500538728 /* Debug */ = {
			isa = XCBuildConfiguration;
			buildSettings = {
				ALWAYS_SEARCH_USER_PATHS = NO;
				ASSETCATALOG_COMPILER_GENERATE_SWIFT_ASSET_SYMBOL_EXTENSIONS = YES;
				CLANG_ANALYZER_NONNULL = YES;
				CLANG_ANALYZER_NUMBER_OBJECT_CONVERSION = YES_AGGRESSIVE;
				CLANG_CXX_LANGUAGE_STANDARD = "gnu++20";
				CLANG_ENABLE_MODULES = YES;
				CLANG_ENABLE_OBJC_ARC = YES;
				CLANG_ENABLE_OBJC_WEAK = YES;
				CLANG_WARN_BLOCK_CAPTURE_AUTORELEASING = YES;
				CLANG_WARN_BOOL_CONVERSION = YES;
				CLANG_WARN_COMMA = YES;
				CLANG_WARN_CONSTANT_CONVERSION = YES;
				CLANG_WARN_DEPRECATED_OBJC_IMPLEMENTATIONS = YES;
				CLANG_WARN_DIRECT_OBJC_ISA_USAGE = YES_ERROR;
				CLANG_WARN_DOCUMENTATION_COMMENTS = YES;
				CLANG_WARN_EMPTY_BODY = YES;
				CLANG_WARN_ENUM_CONVERSION = YES;
				CLANG_WARN_INFINITE_RECURSION = YES;
				CLANG_WARN_INT_CONVERSION = YES;
				CLANG_WARN_NON_LITERAL_NULL_CONVERSION = YES;
				CLANG_WARN_OBJC_IMPLICIT_RETAIN_SELF = YES;
				CLANG_WARN_OBJC_LITERAL_CONVERSION = YES;
				CLANG_WARN_OBJC_ROOT_CLASS = YES_ERROR;
				CLANG_WARN_QUOTED_INCLUDE_IN_FRAMEWORK_HEADER = YES;
				CLANG_WARN_RANGE_LOOP_ANALYSIS = YES;
				CLANG_WARN_STRICT_PROTOTYPES = YES;
				CLANG_WARN_SUSPICIOUS_MOVE = YES;
				CLANG_WARN_UNGUARDED_AVAILABILITY = YES_AGGRESSIVE;
				CLANG_WARN_UNREACHABLE_CODE = YES;
				CLANG_WARN__DUPLICATE_METHOD_MATCH = YES;
				COPY_PHASE_STRIP = NO;
				DEBUG_INFORMATION_FORMAT = dwarf;
				ENABLE_STRICT_OBJC_MSGSEND = YES;
				ENABLE_TESTABILITY = YES;
				ENABLE_USER_SCRIPT_SANDBOXING = YES;
				GCC_C_LANGUAGE_STANDARD = gnu17;
				GCC_DYNAMIC_NO_PIC = NO;
				GCC_NO_COMMON_BLOCKS = YES;
				GCC_OPTIMIZATION_LEVEL = 0;
				GCC_PREPROCESSOR_DEFINITIONS = (
					"DEBUG=1",
					"$(inherited)",
				);
				GCC_WARN_64_TO_32_BIT_CONVERSION = YES;
				GCC_WARN_ABOUT_RETURN_TYPE = YES_ERROR;
				GCC_WARN_UNDECLARED_SELECTOR = YES;
				GCC_WARN_UNINITIALIZED_AUTOS = YES_AGGRESSIVE;
				GCC_WARN_UNUSED_FUNCTION = YES;
				GCC_WARN_UNUSED_VARIABLE = YES;
				IPHONEOS_DEPLOYMENT_TARGET = 17.5;
				LOCALIZATION_PREFERS_STRING_CATALOGS = YES;
				MTL_ENABLE_DEBUG_INFO = INCLUDE_SOURCE;
				MTL_FAST_MATH = YES;
				ONLY_ACTIVE_ARCH = YES;
				SDKROOT = iphoneos;
				SWIFT_ACTIVE_COMPILATION_CONDITIONS = "DEBUG $(inherited)";
				SWIFT_OPTIMIZATION_LEVEL = "-Onone";
			};
			name = Debug;
		};
		3A7F13EE2C3CCC9500538728 /* Release */ = {
			isa = XCBuildConfiguration;
			buildSettings = {
				ALWAYS_SEARCH_USER_PATHS = NO;
				ASSETCATALOG_COMPILER_GENERATE_SWIFT_ASSET_SYMBOL_EXTENSIONS = YES;
				CLANG_ANALYZER_NONNULL = YES;
				CLANG_ANALYZER_NUMBER_OBJECT_CONVERSION = YES_AGGRESSIVE;
				CLANG_CXX_LANGUAGE_STANDARD = "gnu++20";
				CLANG_ENABLE_MODULES = YES;
				CLANG_ENABLE_OBJC_ARC = YES;
				CLANG_ENABLE_OBJC_WEAK = YES;
				CLANG_WARN_BLOCK_CAPTURE_AUTORELEASING = YES;
				CLANG_WARN_BOOL_CONVERSION = YES;
				CLANG_WARN_COMMA = YES;
				CLANG_WARN_CONSTANT_CONVERSION = YES;
				CLANG_WARN_DEPRECATED_OBJC_IMPLEMENTATIONS = YES;
				CLANG_WARN_DIRECT_OBJC_ISA_USAGE = YES_ERROR;
				CLANG_WARN_DOCUMENTATION_COMMENTS = YES;
				CLANG_WARN_EMPTY_BODY = YES;
				CLANG_WARN_ENUM_CONVERSION = YES;
				CLANG_WARN_INFINITE_RECURSION = YES;
				CLANG_WARN_INT_CONVERSION = YES;
				CLANG_WARN_NON_LITERAL_NULL_CONVERSION = YES;
				CLANG_WARN_OBJC_IMPLICIT_RETAIN_SELF = YES;
				CLANG_WARN_OBJC_LITERAL_CONVERSION = YES;
				CLANG_WARN_OBJC_ROOT_CLASS = YES_ERROR;
				CLANG_WARN_QUOTED_INCLUDE_IN_FRAMEWORK_HEADER = YES;
				CLANG_WARN_RANGE_LOOP_ANALYSIS = YES;
				CLANG_WARN_STRICT_PROTOTYPES = YES;
				CLANG_WARN_SUSPICIOUS_MOVE = YES;
				CLANG_WARN_UNGUARDED_AVAILABILITY = YES_AGGRESSIVE;
				CLANG_WARN_UNREACHABLE_CODE = YES;
				CLANG_WARN__DUPLICATE_METHOD_MATCH = YES;
				COPY_PHASE_STRIP = NO;
				DEBUG_INFORMATION_FORMAT = "dwarf-with-dsym";
				ENABLE_NS_ASSERTIONS = NO;
				ENABLE_STRICT_OBJC_MSGSEND = YES;
				ENABLE_USER_SCRIPT_SANDBOXING = YES;
				GCC_C_LANGUAGE_STANDARD = gnu17;
				GCC_NO_COMMON_BLOCKS = YES;
				GCC_WARN_64_TO_32_BIT_CONVERSION = YES;
				GCC_WARN_ABOUT_RETURN_TYPE = YES_ERROR;
				GCC_WARN_UNDECLARED_SELECTOR = YES;
				GCC_WARN_UNINITIALIZED_AUTOS = YES_AGGRESSIVE;
				GCC_WARN_UNUSED_FUNCTION = YES;
				GCC_WARN_UNUSED_VARIABLE = YES;
				IPHONEOS_DEPLOYMENT_TARGET = 17.5;
				LOCALIZATION_PREFERS_STRING_CATALOGS = YES;
				MTL_ENABLE_DEBUG_INFO = NO;
				MTL_FAST_MATH = YES;
				SDKROOT = iphoneos;
				SWIFT_COMPILATION_MODE = wholemodule;
				VALIDATE_PRODUCT = YES;
			};
			name = Release;
		};
		3A7F13F02C3CCC9500538728 /* Debug */ = {
			isa = XCBuildConfiguration;
			buildSettings = {
				ASSETCATALOG_COMPILER_APPICON_NAME = AppIcon;
				ASSETCATALOG_COMPILER_GLOBAL_ACCENT_COLOR_NAME = AccentColor;
				CODE_SIGN_STYLE = Automatic;
				CURRENT_PROJECT_VERSION = 1;
				DEVELOPMENT_ASSET_PATHS = "\"Uber-Clone/Preview Content\"";
				ENABLE_PREVIEWS = YES;
				GENERATE_INFOPLIST_FILE = YES;
				INFOPLIST_KEY_NSLocationWhenInUseUsageDescription = "Please allow us to access ur location to find nearby drives and rides";
				INFOPLIST_KEY_UIApplicationSceneManifest_Generation = YES;
				INFOPLIST_KEY_UIApplicationSupportsIndirectInputEvents = YES;
				INFOPLIST_KEY_UILaunchScreen_Generation = YES;
				INFOPLIST_KEY_UISupportedInterfaceOrientations_iPad = "UIInterfaceOrientationPortrait UIInterfaceOrientationPortraitUpsideDown UIInterfaceOrientationLandscapeLeft UIInterfaceOrientationLandscapeRight";
				INFOPLIST_KEY_UISupportedInterfaceOrientations_iPhone = "UIInterfaceOrientationPortrait UIInterfaceOrientationLandscapeLeft UIInterfaceOrientationLandscapeRight";
				LD_RUNPATH_SEARCH_PATHS = (
					"$(inherited)",
					"@executable_path/Frameworks",
				);
				MARKETING_VERSION = 1.0;
				PRODUCT_BUNDLE_IDENTIFIER = "ejder.com.Uber-Clone";
				PRODUCT_NAME = "$(TARGET_NAME)";
				SWIFT_EMIT_LOC_STRINGS = YES;
				SWIFT_VERSION = 5.0;
				TARGETED_DEVICE_FAMILY = "1,2";
			};
			name = Debug;
		};
		3A7F13F12C3CCC9500538728 /* Release */ = {
			isa = XCBuildConfiguration;
			buildSettings = {
				ASSETCATALOG_COMPILER_APPICON_NAME = AppIcon;
				ASSETCATALOG_COMPILER_GLOBAL_ACCENT_COLOR_NAME = AccentColor;
				CODE_SIGN_STYLE = Automatic;
				CURRENT_PROJECT_VERSION = 1;
				DEVELOPMENT_ASSET_PATHS = "\"Uber-Clone/Preview Content\"";
				ENABLE_PREVIEWS = YES;
				GENERATE_INFOPLIST_FILE = YES;
				INFOPLIST_KEY_NSLocationWhenInUseUsageDescription = "Please allow us to access ur location to find nearby drives and rides";
				INFOPLIST_KEY_UIApplicationSceneManifest_Generation = YES;
				INFOPLIST_KEY_UIApplicationSupportsIndirectInputEvents = YES;
				INFOPLIST_KEY_UILaunchScreen_Generation = YES;
				INFOPLIST_KEY_UISupportedInterfaceOrientations_iPad = "UIInterfaceOrientationPortrait UIInterfaceOrientationPortraitUpsideDown UIInterfaceOrientationLandscapeLeft UIInterfaceOrientationLandscapeRight";
				INFOPLIST_KEY_UISupportedInterfaceOrientations_iPhone = "UIInterfaceOrientationPortrait UIInterfaceOrientationLandscapeLeft UIInterfaceOrientationLandscapeRight";
				LD_RUNPATH_SEARCH_PATHS = (
					"$(inherited)",
					"@executable_path/Frameworks",
				);
				MARKETING_VERSION = 1.0;
				PRODUCT_BUNDLE_IDENTIFIER = "ejder.com.Uber-Clone";
				PRODUCT_NAME = "$(TARGET_NAME)";
				SWIFT_EMIT_LOC_STRINGS = YES;
				SWIFT_VERSION = 5.0;
				TARGETED_DEVICE_FAMILY = "1,2";
			};
			name = Release;
		};
/* End XCBuildConfiguration section */

/* Begin XCConfigurationList section */
		3A7F13DC2C3CCC9400538728 /* Build configuration list for PBXProject "Uber-Clone" */ = {
			isa = XCConfigurationList;
			buildConfigurations = (
				3A7F13ED2C3CCC9500538728 /* Debug */,
				3A7F13EE2C3CCC9500538728 /* Release */,
			);
			defaultConfigurationIsVisible = 0;
			defaultConfigurationName = Release;
		};
		3A7F13EF2C3CCC9500538728 /* Build configuration list for PBXNativeTarget "Uber-Clone" */ = {
			isa = XCConfigurationList;
			buildConfigurations = (
				3A7F13F02C3CCC9500538728 /* Debug */,
				3A7F13F12C3CCC9500538728 /* Release */,
			);
			defaultConfigurationIsVisible = 0;
			defaultConfigurationName = Release;
		};
/* End XCConfigurationList section */
	};
	rootObject = 3A7F13D92C3CCC9400538728 /* Project object */;
}
